// !$*UTF8*$!
{
	archiveVersion = 1;
	classes = {
	};
	objectVersion = 48;
	objects = {

/* Begin PBXBuildFile section */
		4B0874931F8B07B000244E5F /* AppDelegate.swift in Sources */ = {isa = PBXBuildFile; fileRef = 4B0874921F8B07B000244E5F /* AppDelegate.swift */; };
		4B08749A1F8B07B000244E5F /* Assets.xcassets in Resources */ = {isa = PBXBuildFile; fileRef = 4B0874991F8B07B000244E5F /* Assets.xcassets */; };
		4B08749D1F8B07B000244E5F /* LaunchScreen.storyboard in Resources */ = {isa = PBXBuildFile; fileRef = 4B08749B1F8B07B000244E5F /* LaunchScreen.storyboard */; };
		4B0874A81F8B090300244E5F /* Intro.storyboard in Resources */ = {isa = PBXBuildFile; fileRef = 4B0874A71F8B090300244E5F /* Intro.storyboard */; };
		4B0874AB1F8B0CEB00244E5F /* UIView+Extensions.swift in Sources */ = {isa = PBXBuildFile; fileRef = 4B0874AA1F8B0CEB00244E5F /* UIView+Extensions.swift */; };
		4B0874AD1F8B0EA900244E5F /* Login.storyboard in Resources */ = {isa = PBXBuildFile; fileRef = 4B0874AC1F8B0EA900244E5F /* Login.storyboard */; };
		4B0874B41F8B19C700244E5F /* BaseNavigationController.swift in Sources */ = {isa = PBXBuildFile; fileRef = 4B0874B21F8B19C700244E5F /* BaseNavigationController.swift */; };
		4B0874B71F8B1AD500244E5F /* BaseViewController.swift in Sources */ = {isa = PBXBuildFile; fileRef = 4B0874B61F8B1AD500244E5F /* BaseViewController.swift */; };
		4B0874BA1F8B1FDA00244E5F /* LoginViewController.swift in Sources */ = {isa = PBXBuildFile; fileRef = 4B0874B91F8B1FDA00244E5F /* LoginViewController.swift */; };
		4B0874BC1F8B22ED00244E5F /* UIColor+Extensions.swift in Sources */ = {isa = PBXBuildFile; fileRef = 4B0874BB1F8B22ED00244E5F /* UIColor+Extensions.swift */; };
		4B2BE10C1F8C66F10009C8E7 /* Constants.swift in Sources */ = {isa = PBXBuildFile; fileRef = 4B2BE10B1F8C66F10009C8E7 /* Constants.swift */; };
		4B605BA51F8CB2EA00FD6848 /* CustomTextField.swift in Sources */ = {isa = PBXBuildFile; fileRef = 4B605BA41F8CB2EA00FD6848 /* CustomTextField.swift */; };
		4BC163E01F8B5084006113F1 /* Register.storyboard in Resources */ = {isa = PBXBuildFile; fileRef = 4BC163DF1F8B5084006113F1 /* Register.storyboard */; };
		4BC163E31F8B622A006113F1 /* RegisterView.xib in Resources */ = {isa = PBXBuildFile; fileRef = 4BC163E21F8B622A006113F1 /* RegisterView.xib */; };
		4BC163E51F8B656C006113F1 /* RegisterViewController.swift in Sources */ = {isa = PBXBuildFile; fileRef = 4BC163E41F8B656C006113F1 /* RegisterViewController.swift */; };
		4BEB7F331F8F08FB00F0F502 /* RequiredTextField.swift in Sources */ = {isa = PBXBuildFile; fileRef = 4BEB7F321F8F08FB00F0F502 /* RequiredTextField.swift */; };
		98555A5467C946B36F48C283 /* Pods_Twitter.framework in Frameworks */ = {isa = PBXBuildFile; fileRef = A91F9DE42EA66027367B1B3C /* Pods_Twitter.framework */; };
/* End PBXBuildFile section */

/* Begin PBXFileReference section */
		4B08748F1F8B07B000244E5F /* Twitter.app */ = {isa = PBXFileReference; explicitFileType = wrapper.application; includeInIndex = 0; path = Twitter.app; sourceTree = BUILT_PRODUCTS_DIR; };
		4B0874921F8B07B000244E5F /* AppDelegate.swift */ = {isa = PBXFileReference; lastKnownFileType = sourcecode.swift; path = AppDelegate.swift; sourceTree = "<group>"; };
		4B0874991F8B07B000244E5F /* Assets.xcassets */ = {isa = PBXFileReference; lastKnownFileType = folder.assetcatalog; path = Assets.xcassets; sourceTree = "<group>"; };
		4B08749C1F8B07B000244E5F /* Base */ = {isa = PBXFileReference; lastKnownFileType = file.storyboard; name = Base; path = Base.lproj/LaunchScreen.storyboard; sourceTree = "<group>"; };
		4B08749E1F8B07B000244E5F /* Info.plist */ = {isa = PBXFileReference; lastKnownFileType = text.plist.xml; path = Info.plist; sourceTree = "<group>"; };
		4B0874A71F8B090300244E5F /* Intro.storyboard */ = {isa = PBXFileReference; lastKnownFileType = file.storyboard; path = Intro.storyboard; sourceTree = "<group>"; };
		4B0874AA1F8B0CEB00244E5F /* UIView+Extensions.swift */ = {isa = PBXFileReference; lastKnownFileType = sourcecode.swift; path = "UIView+Extensions.swift"; sourceTree = "<group>"; };
		4B0874AC1F8B0EA900244E5F /* Login.storyboard */ = {isa = PBXFileReference; lastKnownFileType = file.storyboard; path = Login.storyboard; sourceTree = "<group>"; };
		4B0874B21F8B19C700244E5F /* BaseNavigationController.swift */ = {isa = PBXFileReference; lastKnownFileType = sourcecode.swift; path = BaseNavigationController.swift; sourceTree = "<group>"; };
		4B0874B61F8B1AD500244E5F /* BaseViewController.swift */ = {isa = PBXFileReference; lastKnownFileType = sourcecode.swift; path = BaseViewController.swift; sourceTree = "<group>"; };
		4B0874B91F8B1FDA00244E5F /* LoginViewController.swift */ = {isa = PBXFileReference; lastKnownFileType = sourcecode.swift; path = LoginViewController.swift; sourceTree = "<group>"; };
		4B0874BB1F8B22ED00244E5F /* UIColor+Extensions.swift */ = {isa = PBXFileReference; lastKnownFileType = sourcecode.swift; path = "UIColor+Extensions.swift"; sourceTree = "<group>"; };
		4B2BE10B1F8C66F10009C8E7 /* Constants.swift */ = {isa = PBXFileReference; lastKnownFileType = sourcecode.swift; path = Constants.swift; sourceTree = "<group>"; };
		4B605BA41F8CB2EA00FD6848 /* CustomTextField.swift */ = {isa = PBXFileReference; lastKnownFileType = sourcecode.swift; path = CustomTextField.swift; sourceTree = "<group>"; };
		4BC163DF1F8B5084006113F1 /* Register.storyboard */ = {isa = PBXFileReference; lastKnownFileType = file.storyboard; path = Register.storyboard; sourceTree = "<group>"; };
		4BC163E21F8B622A006113F1 /* RegisterView.xib */ = {isa = PBXFileReference; lastKnownFileType = file.xib; path = RegisterView.xib; sourceTree = "<group>"; };
		4BC163E41F8B656C006113F1 /* RegisterViewController.swift */ = {isa = PBXFileReference; lastKnownFileType = sourcecode.swift; path = RegisterViewController.swift; sourceTree = "<group>"; };
		4BEB7F321F8F08FB00F0F502 /* RequiredTextField.swift */ = {isa = PBXFileReference; lastKnownFileType = sourcecode.swift; path = RequiredTextField.swift; sourceTree = "<group>"; };
		6F1DB38AAADAE8A0F20934FC /* Pods-Twitter.release.xcconfig */ = {isa = PBXFileReference; includeInIndex = 1; lastKnownFileType = text.xcconfig; name = "Pods-Twitter.release.xcconfig"; path = "Pods/Target Support Files/Pods-Twitter/Pods-Twitter.release.xcconfig"; sourceTree = "<group>"; };
		A91F9DE42EA66027367B1B3C /* Pods_Twitter.framework */ = {isa = PBXFileReference; explicitFileType = wrapper.framework; includeInIndex = 0; path = Pods_Twitter.framework; sourceTree = BUILT_PRODUCTS_DIR; };
		D97912217C15D43CB862CBDC /* Pods-Twitter.debug.xcconfig */ = {isa = PBXFileReference; includeInIndex = 1; lastKnownFileType = text.xcconfig; name = "Pods-Twitter.debug.xcconfig"; path = "Pods/Target Support Files/Pods-Twitter/Pods-Twitter.debug.xcconfig"; sourceTree = "<group>"; };
/* End PBXFileReference section */

/* Begin PBXFrameworksBuildPhase section */
		4B08748C1F8B07B000244E5F /* Frameworks */ = {
			isa = PBXFrameworksBuildPhase;
			buildActionMask = 2147483647;
			files = (
				98555A5467C946B36F48C283 /* Pods_Twitter.framework in Frameworks */,
			);
			runOnlyForDeploymentPostprocessing = 0;
		};
/* End PBXFrameworksBuildPhase section */

/* Begin PBXGroup section */
		4B0874861F8B07B000244E5F = {
			isa = PBXGroup;
			children = (
				4B0874911F8B07B000244E5F /* Twitter */,
				4B0874901F8B07B000244E5F /* Products */,
				89EC4B544B84365B0398DA22 /* Pods */,
				FA8219BD2F154BF9622B759A /* Frameworks */,
			);
			sourceTree = "<group>";
		};
		4B0874901F8B07B000244E5F /* Products */ = {
			isa = PBXGroup;
			children = (
				4B08748F1F8B07B000244E5F /* Twitter.app */,
			);
			name = Products;
			sourceTree = "<group>";
		};
		4B0874911F8B07B000244E5F /* Twitter */ = {
			isa = PBXGroup;
			children = (
				4B2BE10A1F8C66E40009C8E7 /* Helpers */,
				4BC163E11F8B6219006113F1 /* CustomViews */,
				4B0874B81F8B1FC100244E5F /* ViewControllers */,
				4B0874B11F8B199800244E5F /* BaseController */,
				4B0874A91F8B0C7500244E5F /* Extensions */,
				4B0874A41F8B084E00244E5F /* Storyboards */,
				4B0874921F8B07B000244E5F /* AppDelegate.swift */,
				4B0874991F8B07B000244E5F /* Assets.xcassets */,
				4B08749B1F8B07B000244E5F /* LaunchScreen.storyboard */,
				4B08749E1F8B07B000244E5F /* Info.plist */,
			);
			path = Twitter;
			sourceTree = "<group>";
		};
		4B0874A41F8B084E00244E5F /* Storyboards */ = {
			isa = PBXGroup;
			children = (
				4B0874A71F8B090300244E5F /* Intro.storyboard */,
				4B0874AC1F8B0EA900244E5F /* Login.storyboard */,
				4BC163DF1F8B5084006113F1 /* Register.storyboard */,
			);
			path = Storyboards;
			sourceTree = "<group>";
		};
		4B0874A91F8B0C7500244E5F /* Extensions */ = {
			isa = PBXGroup;
			children = (
				4B0874AA1F8B0CEB00244E5F /* UIView+Extensions.swift */,
				4B0874BB1F8B22ED00244E5F /* UIColor+Extensions.swift */,
			);
			path = Extensions;
			sourceTree = "<group>";
		};
		4B0874B11F8B199800244E5F /* BaseController */ = {
			isa = PBXGroup;
			children = (
				4B0874B21F8B19C700244E5F /* BaseNavigationController.swift */,
				4B0874B61F8B1AD500244E5F /* BaseViewController.swift */,
			);
			path = BaseController;
			sourceTree = "<group>";
		};
		4B0874B81F8B1FC100244E5F /* ViewControllers */ = {
			isa = PBXGroup;
			children = (
				4B0874B91F8B1FDA00244E5F /* LoginViewController.swift */,
				4BC163E41F8B656C006113F1 /* RegisterViewController.swift */,
			);
			path = ViewControllers;
			sourceTree = "<group>";
		};
		4B2BE10A1F8C66E40009C8E7 /* Helpers */ = {
			isa = PBXGroup;
			children = (
				4B2BE10B1F8C66F10009C8E7 /* Constants.swift */,
			);
			path = Helpers;
			sourceTree = "<group>";
		};
		4BC163E11F8B6219006113F1 /* CustomViews */ = {
			isa = PBXGroup;
			children = (
				4BC163E21F8B622A006113F1 /* RegisterView.xib */,
				4B605BA41F8CB2EA00FD6848 /* CustomTextField.swift */,
				4BEB7F321F8F08FB00F0F502 /* RequiredTextField.swift */,
			);
			path = CustomViews;
			sourceTree = "<group>";
		};
		89EC4B544B84365B0398DA22 /* Pods */ = {
			isa = PBXGroup;
			children = (
				D97912217C15D43CB862CBDC /* Pods-Twitter.debug.xcconfig */,
				6F1DB38AAADAE8A0F20934FC /* Pods-Twitter.release.xcconfig */,
			);
			name = Pods;
			sourceTree = "<group>";
		};
		FA8219BD2F154BF9622B759A /* Frameworks */ = {
			isa = PBXGroup;
			children = (
				A91F9DE42EA66027367B1B3C /* Pods_Twitter.framework */,
			);
			name = Frameworks;
			sourceTree = "<group>";
		};
/* End PBXGroup section */

/* Begin PBXNativeTarget section */
		4B08748E1F8B07B000244E5F /* Twitter */ = {
			isa = PBXNativeTarget;
			buildConfigurationList = 4B0874A11F8B07B000244E5F /* Build configuration list for PBXNativeTarget "Twitter" */;
			buildPhases = (
				EDD3F47CF785530C24CDECAB /* [CP] Check Pods Manifest.lock */,
				4B08748B1F8B07B000244E5F /* Sources */,
				4B08748C1F8B07B000244E5F /* Frameworks */,
				4B08748D1F8B07B000244E5F /* Resources */,
				943DE3605D343EE7E6ED93A2 /* [CP] Embed Pods Frameworks */,
				EF35971D8B940AF4EA401229 /* [CP] Copy Pods Resources */,
			);
			buildRules = (
			);
			dependencies = (
			);
			name = Twitter;
			productName = Twitter;
			productReference = 4B08748F1F8B07B000244E5F /* Twitter.app */;
			productType = "com.apple.product-type.application";
		};
/* End PBXNativeTarget section */

/* Begin PBXProject section */
		4B0874871F8B07B000244E5F /* Project object */ = {
			isa = PBXProject;
			attributes = {
				LastSwiftUpdateCheck = 0900;
				LastUpgradeCheck = 0900;
				ORGANIZATIONNAME = "Thanh Nguyen Xuan";
				TargetAttributes = {
					4B08748E1F8B07B000244E5F = {
						CreatedOnToolsVersion = 9.0;
						ProvisioningStyle = Automatic;
					};
				};
			};
			buildConfigurationList = 4B08748A1F8B07B000244E5F /* Build configuration list for PBXProject "Twitter" */;
			compatibilityVersion = "Xcode 8.0";
			developmentRegion = en;
			hasScannedForEncodings = 0;
			knownRegions = (
				en,
				Base,
			);
			mainGroup = 4B0874861F8B07B000244E5F;
			productRefGroup = 4B0874901F8B07B000244E5F /* Products */;
			projectDirPath = "";
			projectRoot = "";
			targets = (
				4B08748E1F8B07B000244E5F /* Twitter */,
			);
		};
/* End PBXProject section */

/* Begin PBXResourcesBuildPhase section */
		4B08748D1F8B07B000244E5F /* Resources */ = {
			isa = PBXResourcesBuildPhase;
			buildActionMask = 2147483647;
			files = (
				4B0874AD1F8B0EA900244E5F /* Login.storyboard in Resources */,
				4BC163E31F8B622A006113F1 /* RegisterView.xib in Resources */,
				4B08749D1F8B07B000244E5F /* LaunchScreen.storyboard in Resources */,
				4B08749A1F8B07B000244E5F /* Assets.xcassets in Resources */,
				4B0874A81F8B090300244E5F /* Intro.storyboard in Resources */,
				4BC163E01F8B5084006113F1 /* Register.storyboard in Resources */,
			);
			runOnlyForDeploymentPostprocessing = 0;
		};
/* End PBXResourcesBuildPhase section */

/* Begin PBXShellScriptBuildPhase section */
		943DE3605D343EE7E6ED93A2 /* [CP] Embed Pods Frameworks */ = {
			isa = PBXShellScriptBuildPhase;
			buildActionMask = 2147483647;
			files = (
			);
			inputPaths = (
				"${SRCROOT}/Pods/Target Support Files/Pods-Twitter/Pods-Twitter-frameworks.sh",
				"${BUILT_PRODUCTS_DIR}/ActiveLabel/ActiveLabel.framework",
			);
			name = "[CP] Embed Pods Frameworks";
			outputPaths = (
				"${TARGET_BUILD_DIR}/${FRAMEWORKS_FOLDER_PATH}/ActiveLabel.framework",
			);
			runOnlyForDeploymentPostprocessing = 0;
			shellPath = /bin/sh;
			shellScript = "\"${SRCROOT}/Pods/Target Support Files/Pods-Twitter/Pods-Twitter-frameworks.sh\"\n";
			showEnvVarsInLog = 0;
		};
		EDD3F47CF785530C24CDECAB /* [CP] Check Pods Manifest.lock */ = {
			isa = PBXShellScriptBuildPhase;
			buildActionMask = 2147483647;
			files = (
			);
			inputPaths = (
				"${PODS_PODFILE_DIR_PATH}/Podfile.lock",
				"${PODS_ROOT}/Manifest.lock",
			);
			name = "[CP] Check Pods Manifest.lock";
			outputPaths = (
				"$(DERIVED_FILE_DIR)/Pods-Twitter-checkManifestLockResult.txt",
			);
			runOnlyForDeploymentPostprocessing = 0;
			shellPath = /bin/sh;
			shellScript = "diff \"${PODS_PODFILE_DIR_PATH}/Podfile.lock\" \"${PODS_ROOT}/Manifest.lock\" > /dev/null\nif [ $? != 0 ] ; then\n    # print error to STDERR\n    echo \"error: The sandbox is not in sync with the Podfile.lock. Run 'pod install' or update your CocoaPods installation.\" >&2\n    exit 1\nfi\n# This output is used by Xcode 'outputs' to avoid re-running this script phase.\necho \"SUCCESS\" > \"${SCRIPT_OUTPUT_FILE_0}\"\n";
			showEnvVarsInLog = 0;
		};
		EF35971D8B940AF4EA401229 /* [CP] Copy Pods Resources */ = {
			isa = PBXShellScriptBuildPhase;
			buildActionMask = 2147483647;
			files = (
			);
			inputPaths = (
			);
			name = "[CP] Copy Pods Resources";
			outputPaths = (
			);
			runOnlyForDeploymentPostprocessing = 0;
			shellPath = /bin/sh;
			shellScript = "\"${SRCROOT}/Pods/Target Support Files/Pods-Twitter/Pods-Twitter-resources.sh\"\n";
			showEnvVarsInLog = 0;
		};
/* End PBXShellScriptBuildPhase section */

/* Begin PBXSourcesBuildPhase section */
		4B08748B1F8B07B000244E5F /* Sources */ = {
			isa = PBXSourcesBuildPhase;
			buildActionMask = 2147483647;
			files = (
				4B0874AB1F8B0CEB00244E5F /* UIView+Extensions.swift in Sources */,
				4B0874BC1F8B22ED00244E5F /* UIColor+Extensions.swift in Sources */,
				4BC163E51F8B656C006113F1 /* RegisterViewController.swift in Sources */,
				4B0874B71F8B1AD500244E5F /* BaseViewController.swift in Sources */,
				4BEB7F331F8F08FB00F0F502 /* RequiredTextField.swift in Sources */,
				4B0874931F8B07B000244E5F /* AppDelegate.swift in Sources */,
				4B0874BA1F8B1FDA00244E5F /* LoginViewController.swift in Sources */,
				4B0874B41F8B19C700244E5F /* BaseNavigationController.swift in Sources */,
				4B2BE10C1F8C66F10009C8E7 /* Constants.swift in Sources */,
				4B605BA51F8CB2EA00FD6848 /* CustomTextField.swift in Sources */,
			);
			runOnlyForDeploymentPostprocessing = 0;
		};
/* End PBXSourcesBuildPhase section */

/* Begin PBXVariantGroup section */
		4B08749B1F8B07B000244E5F /* LaunchScreen.storyboard */ = {
			isa = PBXVariantGroup;
			children = (
				4B08749C1F8B07B000244E5F /* Base */,
			);
			name = LaunchScreen.storyboard;
			sourceTree = "<group>";
		};
/* End PBXVariantGroup section */

/* Begin XCBuildConfiguration section */
		4B08749F1F8B07B000244E5F /* Debug */ = {
			isa = XCBuildConfiguration;
			buildSettings = {
				ALWAYS_SEARCH_USER_PATHS = NO;
				CLANG_ANALYZER_NONNULL = YES;
				CLANG_ANALYZER_NUMBER_OBJECT_CONVERSION = YES_AGGRESSIVE;
				CLANG_CXX_LANGUAGE_STANDARD = "gnu++14";
				CLANG_CXX_LIBRARY = "libc++";
				CLANG_ENABLE_MODULES = YES;
				CLANG_ENABLE_OBJC_ARC = YES;
				CLANG_WARN_BLOCK_CAPTURE_AUTORELEASING = YES;
				CLANG_WARN_BOOL_CONVERSION = YES;
				CLANG_WARN_COMMA = YES;
				CLANG_WARN_CONSTANT_CONVERSION = YES;
				CLANG_WARN_DIRECT_OBJC_ISA_USAGE = YES_ERROR;
				CLANG_WARN_DOCUMENTATION_COMMENTS = YES;
				CLANG_WARN_EMPTY_BODY = YES;
				CLANG_WARN_ENUM_CONVERSION = YES;
				CLANG_WARN_INFINITE_RECURSION = YES;
				CLANG_WARN_INT_CONVERSION = YES;
				CLANG_WARN_NON_LITERAL_NULL_CONVERSION = YES;
				CLANG_WARN_OBJC_LITERAL_CONVERSION = YES;
				CLANG_WARN_OBJC_ROOT_CLASS = YES_ERROR;
				CLANG_WARN_RANGE_LOOP_ANALYSIS = YES;
				CLANG_WARN_STRICT_PROTOTYPES = YES;
				CLANG_WARN_SUSPICIOUS_MOVE = YES;
				CLANG_WARN_UNGUARDED_AVAILABILITY = YES_AGGRESSIVE;
				CLANG_WARN_UNREACHABLE_CODE = YES;
				CLANG_WARN__DUPLICATE_METHOD_MATCH = YES;
				CODE_SIGN_IDENTITY = "iPhone Developer";
				COPY_PHASE_STRIP = NO;
				DEBUG_INFORMATION_FORMAT = dwarf;
				ENABLE_STRICT_OBJC_MSGSEND = YES;
				ENABLE_TESTABILITY = YES;
				GCC_C_LANGUAGE_STANDARD = gnu11;
				GCC_DYNAMIC_NO_PIC = NO;
				GCC_NO_COMMON_BLOCKS = YES;
				GCC_OPTIMIZATION_LEVEL = 0;
				GCC_PREPROCESSOR_DEFINITIONS = (
					"DEBUG=1",
					"$(inherited)",
				);
				GCC_WARN_64_TO_32_BIT_CONVERSION = YES;
				GCC_WARN_ABOUT_RETURN_TYPE = YES_ERROR;
				GCC_WARN_UNDECLARED_SELECTOR = YES;
				GCC_WARN_UNINITIALIZED_AUTOS = YES_AGGRESSIVE;
				GCC_WARN_UNUSED_FUNCTION = YES;
				GCC_WARN_UNUSED_VARIABLE = YES;
				IPHONEOS_DEPLOYMENT_TARGET = 11.0;
				MTL_ENABLE_DEBUG_INFO = YES;
				ONLY_ACTIVE_ARCH = YES;
				SDKROOT = iphoneos;
				SWIFT_ACTIVE_COMPILATION_CONDITIONS = DEBUG;
				SWIFT_OPTIMIZATION_LEVEL = "-Onone";
			};
			name = Debug;
		};
		4B0874A01F8B07B000244E5F /* Release */ = {
			isa = XCBuildConfiguration;
			buildSettings = {
				ALWAYS_SEARCH_USER_PATHS = NO;
				CLANG_ANALYZER_NONNULL = YES;
				CLANG_ANALYZER_NUMBER_OBJECT_CONVERSION = YES_AGGRESSIVE;
				CLANG_CXX_LANGUAGE_STANDARD = "gnu++14";
				CLANG_CXX_LIBRARY = "libc++";
				CLANG_ENABLE_MODULES = YES;
				CLANG_ENABLE_OBJC_ARC = YES;
				CLANG_WARN_BLOCK_CAPTURE_AUTORELEASING = YES;
				CLANG_WARN_BOOL_CONVERSION = YES;
				CLANG_WARN_COMMA = YES;
				CLANG_WARN_CONSTANT_CONVERSION = YES;
				CLANG_WARN_DIRECT_OBJC_ISA_USAGE = YES_ERROR;
				CLANG_WARN_DOCUMENTATION_COMMENTS = YES;
				CLANG_WARN_EMPTY_BODY = YES;
				CLANG_WARN_ENUM_CONVERSION = YES;
				CLANG_WARN_INFINITE_RECURSION = YES;
				CLANG_WARN_INT_CONVERSION = YES;
				CLANG_WARN_NON_LITERAL_NULL_CONVERSION = YES;
				CLANG_WARN_OBJC_LITERAL_CONVERSION = YES;
				CLANG_WARN_OBJC_ROOT_CLASS = YES_ERROR;
				CLANG_WARN_RANGE_LOOP_ANALYSIS = YES;
				CLANG_WARN_STRICT_PROTOTYPES = YES;
				CLANG_WARN_SUSPICIOUS_MOVE = YES;
				CLANG_WARN_UNGUARDED_AVAILABILITY = YES_AGGRESSIVE;
				CLANG_WARN_UNREACHABLE_CODE = YES;
				CLANG_WARN__DUPLICATE_METHOD_MATCH = YES;
				CODE_SIGN_IDENTITY = "iPhone Developer";
				COPY_PHASE_STRIP = NO;
				DEBUG_INFORMATION_FORMAT = "dwarf-with-dsym";
				ENABLE_NS_ASSERTIONS = NO;
				ENABLE_STRICT_OBJC_MSGSEND = YES;
				GCC_C_LANGUAGE_STANDARD = gnu11;
				GCC_NO_COMMON_BLOCKS = YES;
				GCC_WARN_64_TO_32_BIT_CONVERSION = YES;
				GCC_WARN_ABOUT_RETURN_TYPE = YES_ERROR;
				GCC_WARN_UNDECLARED_SELECTOR = YES;
				GCC_WARN_UNINITIALIZED_AUTOS = YES_AGGRESSIVE;
				GCC_WARN_UNUSED_FUNCTION = YES;
				GCC_WARN_UNUSED_VARIABLE = YES;
				IPHONEOS_DEPLOYMENT_TARGET = 11.0;
				MTL_ENABLE_DEBUG_INFO = NO;
				SDKROOT = iphoneos;
				SWIFT_OPTIMIZATION_LEVEL = "-Owholemodule";
				VALIDATE_PRODUCT = YES;
			};
			name = Release;
		};
		4B0874A21F8B07B000244E5F /* Debug */ = {
			isa = XCBuildConfiguration;
			baseConfigurationReference = D97912217C15D43CB862CBDC /* Pods-Twitter.debug.xcconfig */;
			buildSettings = {
				ASSETCATALOG_COMPILER_APPICON_NAME = AppIcon;
				CODE_SIGN_STYLE = Automatic;
				DEVELOPMENT_TEAM = VV528E4X2Y;
				INFOPLIST_FILE = Twitter/Info.plist;
				IPHONEOS_DEPLOYMENT_TARGET = 9.3;
				LD_RUNPATH_SEARCH_PATHS = "$(inherited) @executable_path/Frameworks";
				PRODUCT_BUNDLE_IDENTIFIER = com.thanhfnx.mytwitter;
				PRODUCT_NAME = "$(TARGET_NAME)";
				SWIFT_VERSION = 4.0;
				TARGETED_DEVICE_FAMILY = 1;
			};
			name = Debug;
		};
		4B0874A31F8B07B000244E5F /* Release */ = {
			isa = XCBuildConfiguration;
			baseConfigurationReference = 6F1DB38AAADAE8A0F20934FC /* Pods-Twitter.release.xcconfig */;
			buildSettings = {
				ASSETCATALOG_COMPILER_APPICON_NAME = AppIcon;
				CODE_SIGN_STYLE = Automatic;
				DEVELOPMENT_TEAM = VV528E4X2Y;
				INFOPLIST_FILE = Twitter/Info.plist;
				IPHONEOS_DEPLOYMENT_TARGET = 9.3;
				LD_RUNPATH_SEARCH_PATHS = "$(inherited) @executable_path/Frameworks";
				PRODUCT_BUNDLE_IDENTIFIER = com.thanhfnx.mytwitter;
				PRODUCT_NAME = "$(TARGET_NAME)";
				SWIFT_VERSION = 4.0;
				TARGETED_DEVICE_FAMILY = 1;
			};
			name = Release;
		};
/* End XCBuildConfiguration section */

/* Begin XCConfigurationList section */
		4B08748A1F8B07B000244E5F /* Build configuration list for PBXProject "Twitter" */ = {
			isa = XCConfigurationList;
			buildConfigurations = (
				4B08749F1F8B07B000244E5F /* Debug */,
				4B0874A01F8B07B000244E5F /* Release */,
			);
			defaultConfigurationIsVisible = 0;
			defaultConfigurationName = Release;
		};
		4B0874A11F8B07B000244E5F /* Build configuration list for PBXNativeTarget "Twitter" */ = {
			isa = XCConfigurationList;
			buildConfigurations = (
				4B0874A21F8B07B000244E5F /* Debug */,
				4B0874A31F8B07B000244E5F /* Release */,
			);
			defaultConfigurationIsVisible = 0;
			defaultConfigurationName = Release;
		};
/* End XCConfigurationList section */
	};
	rootObject = 4B0874871F8B07B000244E5F /* Project object */;
}
